// !$*UTF8*$!
{
	archiveVersion = 1;
	classes = {
	};
	objectVersion = 48;
	objects = {

/* Begin PBXBuildFile section */
		52422F1A1FDFE89C0088097D /* TableHeaderView.xib in Resources */ = {isa = PBXBuildFile; fileRef = 52422F191FDFE89C0088097D /* TableHeaderView.xib */; };
		52730C4A1FDFF87D0029F27A /* TableHeaderView.swift in Sources */ = {isa = PBXBuildFile; fileRef = 52730C491FDFF87D0029F27A /* TableHeaderView.swift */; };
		52F7CFC11FDC1C3D00FDDEB0 /* AppDelegate.swift in Sources */ = {isa = PBXBuildFile; fileRef = 52F7CFC01FDC1C3D00FDDEB0 /* AppDelegate.swift */; };
		52F7CFC61FDC1C3D00FDDEB0 /* Main.storyboard in Resources */ = {isa = PBXBuildFile; fileRef = 52F7CFC41FDC1C3D00FDDEB0 /* Main.storyboard */; };
		52F7CFC81FDC1C3D00FDDEB0 /* Assets.xcassets in Resources */ = {isa = PBXBuildFile; fileRef = 52F7CFC71FDC1C3D00FDDEB0 /* Assets.xcassets */; };
		52F7CFCB1FDC1C3D00FDDEB0 /* LaunchScreen.storyboard in Resources */ = {isa = PBXBuildFile; fileRef = 52F7CFC91FDC1C3D00FDDEB0 /* LaunchScreen.storyboard */; };
		52F7CFD41FDC1C5A00FDDEB0 /* Ingredient.swift in Sources */ = {isa = PBXBuildFile; fileRef = 52F7CFD31FDC1C5A00FDDEB0 /* Ingredient.swift */; };
		52F7CFD61FDC1FD400FDDEB0 /* Recipe.swift in Sources */ = {isa = PBXBuildFile; fileRef = 52F7CFD51FDC1FD400FDDEB0 /* Recipe.swift */; };
		6E70BF2C1FDFE36000048ED4 /* IngredientTableViewCell.swift in Sources */ = {isa = PBXBuildFile; fileRef = 6E70BF2B1FDFE36000048ED4 /* IngredientTableViewCell.swift */; };
		6E70BF361FDFE70E00048ED4 /* PlayfairDisplay-Italic.ttf in Resources */ = {isa = PBXBuildFile; fileRef = 6E70BF301FDFE70E00048ED4 /* PlayfairDisplay-Italic.ttf */; };
		6E70BF371FDFE70E00048ED4 /* PlayfairDisplay-Regular.ttf in Resources */ = {isa = PBXBuildFile; fileRef = 6E70BF311FDFE70E00048ED4 /* PlayfairDisplay-Regular.ttf */; };
		6E70BF381FDFE70E00048ED4 /* PlayfairDisplay-BlackItalic.ttf in Resources */ = {isa = PBXBuildFile; fileRef = 6E70BF321FDFE70E00048ED4 /* PlayfairDisplay-BlackItalic.ttf */; };
		6E70BF391FDFE70E00048ED4 /* PlayfairDisplay-Black.ttf in Resources */ = {isa = PBXBuildFile; fileRef = 6E70BF331FDFE70E00048ED4 /* PlayfairDisplay-Black.ttf */; };
		6E70BF3A1FDFE70E00048ED4 /* PlayfairDisplay-Bold.ttf in Resources */ = {isa = PBXBuildFile; fileRef = 6E70BF341FDFE70E00048ED4 /* PlayfairDisplay-Bold.ttf */; };
		6E70BF3B1FDFE70E00048ED4 /* PlayfairDisplay-BoldItalic.ttf in Resources */ = {isa = PBXBuildFile; fileRef = 6E70BF351FDFE70E00048ED4 /* PlayfairDisplay-BoldItalic.ttf */; };
		6E70BF4A1FDFE71F00048ED4 /* NunitoSans-Italic.ttf in Resources */ = {isa = PBXBuildFile; fileRef = 6E70BF3C1FDFE71E00048ED4 /* NunitoSans-Italic.ttf */; };
		6E70BF4B1FDFE71F00048ED4 /* NunitoSans-SemiBoldItalic.ttf in Resources */ = {isa = PBXBuildFile; fileRef = 6E70BF3D1FDFE71E00048ED4 /* NunitoSans-SemiBoldItalic.ttf */; };
		6E70BF4C1FDFE71F00048ED4 /* NunitoSans-ExtraBoldItalic.ttf in Resources */ = {isa = PBXBuildFile; fileRef = 6E70BF3E1FDFE71E00048ED4 /* NunitoSans-ExtraBoldItalic.ttf */; };
		6E70BF4D1FDFE71F00048ED4 /* NunitoSans-BoldItalic.ttf in Resources */ = {isa = PBXBuildFile; fileRef = 6E70BF3F1FDFE71E00048ED4 /* NunitoSans-BoldItalic.ttf */; };
		6E70BF4E1FDFE71F00048ED4 /* NunitoSans-Black.ttf in Resources */ = {isa = PBXBuildFile; fileRef = 6E70BF401FDFE71E00048ED4 /* NunitoSans-Black.ttf */; };
		6E70BF4F1FDFE71F00048ED4 /* NunitoSans-BlackItalic.ttf in Resources */ = {isa = PBXBuildFile; fileRef = 6E70BF411FDFE71E00048ED4 /* NunitoSans-BlackItalic.ttf */; };
		6E70BF501FDFE71F00048ED4 /* NunitoSans-LightItalic.ttf in Resources */ = {isa = PBXBuildFile; fileRef = 6E70BF421FDFE71E00048ED4 /* NunitoSans-LightItalic.ttf */; };
		6E70BF511FDFE71F00048ED4 /* NunitoSans-ExtraLight.ttf in Resources */ = {isa = PBXBuildFile; fileRef = 6E70BF431FDFE71E00048ED4 /* NunitoSans-ExtraLight.ttf */; };
		6E70BF521FDFE71F00048ED4 /* NunitoSans-SemiBold.ttf in Resources */ = {isa = PBXBuildFile; fileRef = 6E70BF441FDFE71E00048ED4 /* NunitoSans-SemiBold.ttf */; };
		6E70BF531FDFE71F00048ED4 /* NunitoSans-Bold.ttf in Resources */ = {isa = PBXBuildFile; fileRef = 6E70BF451FDFE71F00048ED4 /* NunitoSans-Bold.ttf */; };
		6E70BF541FDFE71F00048ED4 /* NunitoSans-Light.ttf in Resources */ = {isa = PBXBuildFile; fileRef = 6E70BF461FDFE71F00048ED4 /* NunitoSans-Light.ttf */; };
		6E70BF551FDFE71F00048ED4 /* NunitoSans-ExtraLightItalic.ttf in Resources */ = {isa = PBXBuildFile; fileRef = 6E70BF471FDFE71F00048ED4 /* NunitoSans-ExtraLightItalic.ttf */; };
		6E70BF561FDFE71F00048ED4 /* NunitoSans-ExtraBold.ttf in Resources */ = {isa = PBXBuildFile; fileRef = 6E70BF481FDFE71F00048ED4 /* NunitoSans-ExtraBold.ttf */; };
		6E70BF571FDFE71F00048ED4 /* NunitoSans-Regular.ttf in Resources */ = {isa = PBXBuildFile; fileRef = 6E70BF491FDFE71F00048ED4 /* NunitoSans-Regular.ttf */; };
		6E70BF5A1FDFEBAC00048ED4 /* IngredientsFooterView.swift in Sources */ = {isa = PBXBuildFile; fileRef = 6E70BF591FDFEBAC00048ED4 /* IngredientsFooterView.swift */; };
		6E70BF5C1FDFEBC600048ED4 /* IngredientsFooterView.xib in Resources */ = {isa = PBXBuildFile; fileRef = 6E70BF5B1FDFEBC600048ED4 /* IngredientsFooterView.xib */; };
		6E70BF5E1FDFF2B100048ED4 /* DirectiveTableViewCell.swift in Sources */ = {isa = PBXBuildFile; fileRef = 6E70BF5D1FDFF2B100048ED4 /* DirectiveTableViewCell.swift */; };
		6E82BD3B1FDD91EC00B8A417 /* DesignableView.swift in Sources */ = {isa = PBXBuildFile; fileRef = 6E82BD3A1FDD91EC00B8A417 /* DesignableView.swift */; };
		6E82BD3D1FDD926900B8A417 /* DesignableImageView.swift in Sources */ = {isa = PBXBuildFile; fileRef = 6E82BD3C1FDD926900B8A417 /* DesignableImageView.swift */; };
		6E82BD3F1FDD962100B8A417 /* RecipeExploreViewController.swift in Sources */ = {isa = PBXBuildFile; fileRef = 6E82BD3E1FDD962100B8A417 /* RecipeExploreViewController.swift */; };
		6E82BD421FDD973A00B8A417 /* RecipeCollectionViewCell.swift in Sources */ = {isa = PBXBuildFile; fileRef = 6E82BD411FDD973A00B8A417 /* RecipeCollectionViewCell.swift */; };
		6E82BD6D1FDDF4B900B8A417 /* RecipeDetailViewController.swift in Sources */ = {isa = PBXBuildFile; fileRef = 6E82BD6C1FDDF4B900B8A417 /* RecipeDetailViewController.swift */; };
		6E82BD6E1FDE78CB00B8A417 /* Kingfisher.framework in Frameworks */ = {isa = PBXBuildFile; fileRef = 6E82BD531FDD99C000B8A417 /* Kingfisher.framework */; };
		6E82BD6F1FDE78CB00B8A417 /* Kingfisher.framework in Embed Frameworks */ = {isa = PBXBuildFile; fileRef = 6E82BD531FDD99C000B8A417 /* Kingfisher.framework */; settings = {ATTRIBUTES = (CodeSignOnCopy, RemoveHeadersOnCopy, ); }; };
		6E82BD761FDE954F00B8A417 /* XibLoadable.swift in Sources */ = {isa = PBXBuildFile; fileRef = 6E82BD751FDE954F00B8A417 /* XibLoadable.swift */; };
		6E82BD7D1FDEA49500B8A417 /* CollectionSectionHeaderView.swift in Sources */ = {isa = PBXBuildFile; fileRef = 6E82BD7C1FDEA49500B8A417 /* CollectionSectionHeaderView.swift */; };
		6E82BD7F1FDEA4D900B8A417 /* CollectionSectionHeaderView.xib in Resources */ = {isa = PBXBuildFile; fileRef = 6E82BD7E1FDEA4D900B8A417 /* CollectionSectionHeaderView.xib */; };
		6E82BD811FDEC04500B8A417 /* CollectionHeaderView.swift in Sources */ = {isa = PBXBuildFile; fileRef = 6E82BD801FDEC04500B8A417 /* CollectionHeaderView.swift */; };
		6E82BD831FDEC10D00B8A417 /* CollectionHeaderView.xib in Resources */ = {isa = PBXBuildFile; fileRef = 6E82BD821FDEC10D00B8A417 /* CollectionHeaderView.xib */; };
/* End PBXBuildFile section */

/* Begin PBXContainerItemProxy section */
		6E82BD521FDD99C000B8A417 /* PBXContainerItemProxy */ = {
			isa = PBXContainerItemProxy;
			containerPortal = 6E82BD431FDD99C000B8A417 /* Kingfisher.xcodeproj */;
			proxyType = 2;
			remoteGlobalIDString = D1ED2D351AD2D09F00CFC3EB;
			remoteInfo = "Kingfisher-iOS";
		};
		6E82BD541FDD99C000B8A417 /* PBXContainerItemProxy */ = {
			isa = PBXContainerItemProxy;
			containerPortal = 6E82BD431FDD99C000B8A417 /* Kingfisher.xcodeproj */;
			proxyType = 2;
			remoteGlobalIDString = D13F49D61BEDA67C00CE335D;
			remoteInfo = "Kingfisher-tvOS";
		};
		6E82BD561FDD99C000B8A417 /* PBXContainerItemProxy */ = {
			isa = PBXContainerItemProxy;
			containerPortal = 6E82BD431FDD99C000B8A417 /* Kingfisher.xcodeproj */;
			proxyType = 2;
			remoteGlobalIDString = 4B2944481C3D01B20088C3E7;
			remoteInfo = "Kingfisher-macOS";
		};
		6E82BD581FDD99C000B8A417 /* PBXContainerItemProxy */ = {
			isa = PBXContainerItemProxy;
			containerPortal = 6E82BD431FDD99C000B8A417 /* Kingfisher.xcodeproj */;
			proxyType = 2;
			remoteGlobalIDString = D16799EB1C4E74460020FD12;
			remoteInfo = "Kingfisher-watchOS";
		};
		6E82BD5A1FDD99C000B8A417 /* PBXContainerItemProxy */ = {
			isa = PBXContainerItemProxy;
			containerPortal = 6E82BD431FDD99C000B8A417 /* Kingfisher.xcodeproj */;
			proxyType = 2;
			remoteGlobalIDString = D1ED2D0B1AD2CFA600CFC3EB;
			remoteInfo = "Kingfisher-Demo";
		};
		6E82BD5C1FDD99C000B8A417 /* PBXContainerItemProxy */ = {
			isa = PBXContainerItemProxy;
			containerPortal = 6E82BD431FDD99C000B8A417 /* Kingfisher.xcodeproj */;
			proxyType = 2;
			remoteGlobalIDString = D13F49C21BEDA53F00CE335D;
			remoteInfo = "Kingfisher-tvOS-Demo";
		};
		6E82BD5E1FDD99C000B8A417 /* PBXContainerItemProxy */ = {
			isa = PBXContainerItemProxy;
			containerPortal = 6E82BD431FDD99C000B8A417 /* Kingfisher.xcodeproj */;
			proxyType = 2;
			remoteGlobalIDString = 4B2944551C3D03880088C3E7;
			remoteInfo = "Kingfisher-macOS-Demo";
		};
		6E82BD601FDD99C000B8A417 /* PBXContainerItemProxy */ = {
			isa = PBXContainerItemProxy;
			containerPortal = 6E82BD431FDD99C000B8A417 /* Kingfisher.xcodeproj */;
			proxyType = 2;
			remoteGlobalIDString = D1679A391C4E78B20020FD12;
			remoteInfo = "Kingfisher-watchOS-Demo";
		};
		6E82BD621FDD99C000B8A417 /* PBXContainerItemProxy */ = {
			isa = PBXContainerItemProxy;
			containerPortal = 6E82BD431FDD99C000B8A417 /* Kingfisher.xcodeproj */;
			proxyType = 2;
			remoteGlobalIDString = D1679A451C4E78B20020FD12;
			remoteInfo = "Kingfisher-watchOS-Demo Extension";
		};
		6E82BD641FDD99C000B8A417 /* PBXContainerItemProxy */ = {
			isa = PBXContainerItemProxy;
			containerPortal = 6E82BD431FDD99C000B8A417 /* Kingfisher.xcodeproj */;
			proxyType = 2;
			remoteGlobalIDString = D1ED2D3F1AD2D09F00CFC3EB;
			remoteInfo = KingfisherTests;
		};
		6E82BD661FDD99C000B8A417 /* PBXContainerItemProxy */ = {
			isa = PBXContainerItemProxy;
			containerPortal = 6E82BD431FDD99C000B8A417 /* Kingfisher.xcodeproj */;
			proxyType = 2;
			remoteGlobalIDString = 4B37667F1C478F940001443F;
			remoteInfo = "KingfisherTests-tvOS";
		};
		6E82BD681FDD99C000B8A417 /* PBXContainerItemProxy */ = {
			isa = PBXContainerItemProxy;
			containerPortal = 6E82BD431FDD99C000B8A417 /* Kingfisher.xcodeproj */;
			proxyType = 2;
			remoteGlobalIDString = D10EC2311C3D632300A4211C;
			remoteInfo = "KingfisherTests-macOS";
		};
		6E82BD6A1FDD9A0900B8A417 /* PBXContainerItemProxy */ = {
			isa = PBXContainerItemProxy;
			containerPortal = 6E82BD431FDD99C000B8A417 /* Kingfisher.xcodeproj */;
			proxyType = 1;
			remoteGlobalIDString = D1ED2D341AD2D09F00CFC3EB;
			remoteInfo = "Kingfisher-iOS";
		};
		6E82BD701FDE78CB00B8A417 /* PBXContainerItemProxy */ = {
			isa = PBXContainerItemProxy;
			containerPortal = 6E82BD431FDD99C000B8A417 /* Kingfisher.xcodeproj */;
			proxyType = 1;
			remoteGlobalIDString = D1ED2D341AD2D09F00CFC3EB;
			remoteInfo = "Kingfisher-iOS";
		};
/* End PBXContainerItemProxy section */

/* Begin PBXCopyFilesBuildPhase section */
		6E82BD721FDE78CB00B8A417 /* Embed Frameworks */ = {
			isa = PBXCopyFilesBuildPhase;
			buildActionMask = 2147483647;
			dstPath = "";
			dstSubfolderSpec = 10;
			files = (
				6E82BD6F1FDE78CB00B8A417 /* Kingfisher.framework in Embed Frameworks */,
			);
			name = "Embed Frameworks";
			runOnlyForDeploymentPostprocessing = 0;
		};
/* End PBXCopyFilesBuildPhase section */

/* Begin PBXFileReference section */
		52422F191FDFE89C0088097D /* TableHeaderView.xib */ = {isa = PBXFileReference; lastKnownFileType = file.xib; path = TableHeaderView.xib; sourceTree = "<group>"; };
		52730C491FDFF87D0029F27A /* TableHeaderView.swift */ = {isa = PBXFileReference; lastKnownFileType = sourcecode.swift; path = TableHeaderView.swift; sourceTree = "<group>"; };
		52F7CFBD1FDC1C3D00FDDEB0 /* recipe.app */ = {isa = PBXFileReference; explicitFileType = wrapper.application; includeInIndex = 0; path = recipe.app; sourceTree = BUILT_PRODUCTS_DIR; };
		52F7CFC01FDC1C3D00FDDEB0 /* AppDelegate.swift */ = {isa = PBXFileReference; lastKnownFileType = sourcecode.swift; path = AppDelegate.swift; sourceTree = "<group>"; };
		52F7CFC51FDC1C3D00FDDEB0 /* Base */ = {isa = PBXFileReference; lastKnownFileType = file.storyboard; name = Base; path = Base.lproj/Main.storyboard; sourceTree = "<group>"; };
		52F7CFC71FDC1C3D00FDDEB0 /* Assets.xcassets */ = {isa = PBXFileReference; lastKnownFileType = folder.assetcatalog; path = Assets.xcassets; sourceTree = "<group>"; };
		52F7CFCA1FDC1C3D00FDDEB0 /* Base */ = {isa = PBXFileReference; lastKnownFileType = file.storyboard; name = Base; path = Base.lproj/LaunchScreen.storyboard; sourceTree = "<group>"; };
		52F7CFCC1FDC1C3D00FDDEB0 /* Info.plist */ = {isa = PBXFileReference; lastKnownFileType = text.plist.xml; path = Info.plist; sourceTree = "<group>"; };
		52F7CFD31FDC1C5A00FDDEB0 /* Ingredient.swift */ = {isa = PBXFileReference; lastKnownFileType = sourcecode.swift; path = Ingredient.swift; sourceTree = "<group>"; };
		52F7CFD51FDC1FD400FDDEB0 /* Recipe.swift */ = {isa = PBXFileReference; lastKnownFileType = sourcecode.swift; path = Recipe.swift; sourceTree = "<group>"; };
		6E70BF2B1FDFE36000048ED4 /* IngredientTableViewCell.swift */ = {isa = PBXFileReference; lastKnownFileType = sourcecode.swift; path = IngredientTableViewCell.swift; sourceTree = "<group>"; };
		6E70BF301FDFE70E00048ED4 /* PlayfairDisplay-Italic.ttf */ = {isa = PBXFileReference; lastKnownFileType = file; path = "PlayfairDisplay-Italic.ttf"; sourceTree = "<group>"; };
		6E70BF311FDFE70E00048ED4 /* PlayfairDisplay-Regular.ttf */ = {isa = PBXFileReference; lastKnownFileType = file; path = "PlayfairDisplay-Regular.ttf"; sourceTree = "<group>"; };
		6E70BF321FDFE70E00048ED4 /* PlayfairDisplay-BlackItalic.ttf */ = {isa = PBXFileReference; lastKnownFileType = file; path = "PlayfairDisplay-BlackItalic.ttf"; sourceTree = "<group>"; };
		6E70BF331FDFE70E00048ED4 /* PlayfairDisplay-Black.ttf */ = {isa = PBXFileReference; lastKnownFileType = file; path = "PlayfairDisplay-Black.ttf"; sourceTree = "<group>"; };
		6E70BF341FDFE70E00048ED4 /* PlayfairDisplay-Bold.ttf */ = {isa = PBXFileReference; lastKnownFileType = file; path = "PlayfairDisplay-Bold.ttf"; sourceTree = "<group>"; };
		6E70BF351FDFE70E00048ED4 /* PlayfairDisplay-BoldItalic.ttf */ = {isa = PBXFileReference; lastKnownFileType = file; path = "PlayfairDisplay-BoldItalic.ttf"; sourceTree = "<group>"; };
		6E70BF3C1FDFE71E00048ED4 /* NunitoSans-Italic.ttf */ = {isa = PBXFileReference; lastKnownFileType = file; path = "NunitoSans-Italic.ttf"; sourceTree = "<group>"; };
		6E70BF3D1FDFE71E00048ED4 /* NunitoSans-SemiBoldItalic.ttf */ = {isa = PBXFileReference; lastKnownFileType = file; path = "NunitoSans-SemiBoldItalic.ttf"; sourceTree = "<group>"; };
		6E70BF3E1FDFE71E00048ED4 /* NunitoSans-ExtraBoldItalic.ttf */ = {isa = PBXFileReference; lastKnownFileType = file; path = "NunitoSans-ExtraBoldItalic.ttf"; sourceTree = "<group>"; };
		6E70BF3F1FDFE71E00048ED4 /* NunitoSans-BoldItalic.ttf */ = {isa = PBXFileReference; lastKnownFileType = file; path = "NunitoSans-BoldItalic.ttf"; sourceTree = "<group>"; };
		6E70BF401FDFE71E00048ED4 /* NunitoSans-Black.ttf */ = {isa = PBXFileReference; lastKnownFileType = file; path = "NunitoSans-Black.ttf"; sourceTree = "<group>"; };
		6E70BF411FDFE71E00048ED4 /* NunitoSans-BlackItalic.ttf */ = {isa = PBXFileReference; lastKnownFileType = file; path = "NunitoSans-BlackItalic.ttf"; sourceTree = "<group>"; };
		6E70BF421FDFE71E00048ED4 /* NunitoSans-LightItalic.ttf */ = {isa = PBXFileReference; lastKnownFileType = file; path = "NunitoSans-LightItalic.ttf"; sourceTree = "<group>"; };
		6E70BF431FDFE71E00048ED4 /* NunitoSans-ExtraLight.ttf */ = {isa = PBXFileReference; lastKnownFileType = file; path = "NunitoSans-ExtraLight.ttf"; sourceTree = "<group>"; };
		6E70BF441FDFE71E00048ED4 /* NunitoSans-SemiBold.ttf */ = {isa = PBXFileReference; lastKnownFileType = file; path = "NunitoSans-SemiBold.ttf"; sourceTree = "<group>"; };
		6E70BF451FDFE71F00048ED4 /* NunitoSans-Bold.ttf */ = {isa = PBXFileReference; lastKnownFileType = file; path = "NunitoSans-Bold.ttf"; sourceTree = "<group>"; };
		6E70BF461FDFE71F00048ED4 /* NunitoSans-Light.ttf */ = {isa = PBXFileReference; lastKnownFileType = file; path = "NunitoSans-Light.ttf"; sourceTree = "<group>"; };
		6E70BF471FDFE71F00048ED4 /* NunitoSans-ExtraLightItalic.ttf */ = {isa = PBXFileReference; lastKnownFileType = file; path = "NunitoSans-ExtraLightItalic.ttf"; sourceTree = "<group>"; };
		6E70BF481FDFE71F00048ED4 /* NunitoSans-ExtraBold.ttf */ = {isa = PBXFileReference; lastKnownFileType = file; path = "NunitoSans-ExtraBold.ttf"; sourceTree = "<group>"; };
		6E70BF491FDFE71F00048ED4 /* NunitoSans-Regular.ttf */ = {isa = PBXFileReference; lastKnownFileType = file; path = "NunitoSans-Regular.ttf"; sourceTree = "<group>"; };
		6E70BF591FDFEBAC00048ED4 /* IngredientsFooterView.swift */ = {isa = PBXFileReference; lastKnownFileType = sourcecode.swift; path = IngredientsFooterView.swift; sourceTree = "<group>"; };
		6E70BF5B1FDFEBC600048ED4 /* IngredientsFooterView.xib */ = {isa = PBXFileReference; lastKnownFileType = file.xib; path = IngredientsFooterView.xib; sourceTree = "<group>"; };
		6E70BF5D1FDFF2B100048ED4 /* DirectiveTableViewCell.swift */ = {isa = PBXFileReference; lastKnownFileType = sourcecode.swift; path = DirectiveTableViewCell.swift; sourceTree = "<group>"; };
		6E82BD3A1FDD91EC00B8A417 /* DesignableView.swift */ = {isa = PBXFileReference; lastKnownFileType = sourcecode.swift; path = DesignableView.swift; sourceTree = "<group>"; };
		6E82BD3C1FDD926900B8A417 /* DesignableImageView.swift */ = {isa = PBXFileReference; lastKnownFileType = sourcecode.swift; path = DesignableImageView.swift; sourceTree = "<group>"; };
		6E82BD3E1FDD962100B8A417 /* RecipeExploreViewController.swift */ = {isa = PBXFileReference; lastKnownFileType = sourcecode.swift; path = RecipeExploreViewController.swift; sourceTree = "<group>"; };
		6E82BD411FDD973A00B8A417 /* RecipeCollectionViewCell.swift */ = {isa = PBXFileReference; lastKnownFileType = sourcecode.swift; path = RecipeCollectionViewCell.swift; sourceTree = "<group>"; };
		6E82BD431FDD99C000B8A417 /* Kingfisher.xcodeproj */ = {isa = PBXFileReference; lastKnownFileType = "wrapper.pb-project"; name = Kingfisher.xcodeproj; path = Kingfisher/Kingfisher.xcodeproj; sourceTree = "<group>"; };
		6E82BD6C1FDDF4B900B8A417 /* RecipeDetailViewController.swift */ = {isa = PBXFileReference; lastKnownFileType = sourcecode.swift; path = RecipeDetailViewController.swift; sourceTree = "<group>"; };
		6E82BD751FDE954F00B8A417 /* XibLoadable.swift */ = {isa = PBXFileReference; lastKnownFileType = sourcecode.swift; path = XibLoadable.swift; sourceTree = "<group>"; };
		6E82BD7C1FDEA49500B8A417 /* CollectionSectionHeaderView.swift */ = {isa = PBXFileReference; lastKnownFileType = sourcecode.swift; path = CollectionSectionHeaderView.swift; sourceTree = "<group>"; };
		6E82BD7E1FDEA4D900B8A417 /* CollectionSectionHeaderView.xib */ = {isa = PBXFileReference; lastKnownFileType = file.xib; path = CollectionSectionHeaderView.xib; sourceTree = "<group>"; };
		6E82BD801FDEC04500B8A417 /* CollectionHeaderView.swift */ = {isa = PBXFileReference; lastKnownFileType = sourcecode.swift; path = CollectionHeaderView.swift; sourceTree = "<group>"; };
		6E82BD821FDEC10D00B8A417 /* CollectionHeaderView.xib */ = {isa = PBXFileReference; lastKnownFileType = file.xib; path = CollectionHeaderView.xib; sourceTree = "<group>"; };
/* End PBXFileReference section */

/* Begin PBXFrameworksBuildPhase section */
		52F7CFBA1FDC1C3D00FDDEB0 /* Frameworks */ = {
			isa = PBXFrameworksBuildPhase;
			buildActionMask = 2147483647;
			files = (
				6E82BD6E1FDE78CB00B8A417 /* Kingfisher.framework in Frameworks */,
			);
			runOnlyForDeploymentPostprocessing = 0;
		};
/* End PBXFrameworksBuildPhase section */

/* Begin PBXGroup section */
		52422F181FDFE8760088097D /* TableView Header */ = {
			isa = PBXGroup;
			children = (
				52730C491FDFF87D0029F27A /* TableHeaderView.swift */,
				52422F191FDFE89C0088097D /* TableHeaderView.xib */,
			);
			path = "TableView Header";
			sourceTree = "<group>";
		};
		52F7CFB41FDC1C3D00FDDEB0 = {
			isa = PBXGroup;
			children = (
				6E82BD431FDD99C000B8A417 /* Kingfisher.xcodeproj */,
				52F7CFBF1FDC1C3D00FDDEB0 /* recipe */,
				52F7CFBE1FDC1C3D00FDDEB0 /* Products */,
			);
			sourceTree = "<group>";
		};
		52F7CFBE1FDC1C3D00FDDEB0 /* Products */ = {
			isa = PBXGroup;
			children = (
				52F7CFBD1FDC1C3D00FDDEB0 /* recipe.app */,
			);
			name = Products;
			sourceTree = "<group>";
		};
		52F7CFBF1FDC1C3D00FDDEB0 /* recipe */ = {
			isa = PBXGroup;
			children = (
				6E82BD351FDD6C7600B8A417 /* Storyboards */,
				6E82BD341FDD6C5E00B8A417 /* Controllers */,
				6E82BD401FDD96E200B8A417 /* Cells */,
				6E82BD371FDD853F00B8A417 /* Views */,
				52F7CFD21FDC1C4900FDDEB0 /* Models */,
				6E82BD361FDD6C9D00B8A417 /* Utilities */,
			);
			path = recipe;
			sourceTree = "<group>";
		};
		52F7CFD21FDC1C4900FDDEB0 /* Models */ = {
			isa = PBXGroup;
			children = (
				52F7CFD51FDC1FD400FDDEB0 /* Recipe.swift */,
				52F7CFD31FDC1C5A00FDDEB0 /* Ingredient.swift */,
			);
			path = Models;
			sourceTree = "<group>";
		};
		6E70BF291FDFDA4500048ED4 /* CollectionView */ = {
			isa = PBXGroup;
			children = (
				6E82BD411FDD973A00B8A417 /* RecipeCollectionViewCell.swift */,
			);
			path = CollectionView;
			sourceTree = "<group>";
		};
		6E70BF2A1FDFDA4E00048ED4 /* TableView */ = {
			isa = PBXGroup;
			children = (
				6E70BF2B1FDFE36000048ED4 /* IngredientTableViewCell.swift */,
				6E70BF5D1FDFF2B100048ED4 /* DirectiveTableViewCell.swift */,
			);
			path = TableView;
			sourceTree = "<group>";
		};
		6E70BF2D1FDFE69D00048ED4 /* Fonts */ = {
			isa = PBXGroup;
			children = (
				6E70BF2E1FDFE6BF00048ED4 /* PlayfairDisplay */,
				6E70BF2F1FDFE6C400048ED4 /* NunitoSans */,
			);
			path = Fonts;
			sourceTree = "<group>";
		};
		6E70BF2E1FDFE6BF00048ED4 /* PlayfairDisplay */ = {
			isa = PBXGroup;
			children = (
				6E70BF331FDFE70E00048ED4 /* PlayfairDisplay-Black.ttf */,
				6E70BF321FDFE70E00048ED4 /* PlayfairDisplay-BlackItalic.ttf */,
				6E70BF341FDFE70E00048ED4 /* PlayfairDisplay-Bold.ttf */,
				6E70BF351FDFE70E00048ED4 /* PlayfairDisplay-BoldItalic.ttf */,
				6E70BF301FDFE70E00048ED4 /* PlayfairDisplay-Italic.ttf */,
				6E70BF311FDFE70E00048ED4 /* PlayfairDisplay-Regular.ttf */,
			);
			path = PlayfairDisplay;
			sourceTree = "<group>";
		};
		6E70BF2F1FDFE6C400048ED4 /* NunitoSans */ = {
			isa = PBXGroup;
			children = (
				6E70BF401FDFE71E00048ED4 /* NunitoSans-Black.ttf */,
				6E70BF411FDFE71E00048ED4 /* NunitoSans-BlackItalic.ttf */,
				6E70BF451FDFE71F00048ED4 /* NunitoSans-Bold.ttf */,
				6E70BF3F1FDFE71E00048ED4 /* NunitoSans-BoldItalic.ttf */,
				6E70BF481FDFE71F00048ED4 /* NunitoSans-ExtraBold.ttf */,
				6E70BF3E1FDFE71E00048ED4 /* NunitoSans-ExtraBoldItalic.ttf */,
				6E70BF431FDFE71E00048ED4 /* NunitoSans-ExtraLight.ttf */,
				6E70BF471FDFE71F00048ED4 /* NunitoSans-ExtraLightItalic.ttf */,
				6E70BF3C1FDFE71E00048ED4 /* NunitoSans-Italic.ttf */,
				6E70BF461FDFE71F00048ED4 /* NunitoSans-Light.ttf */,
				6E70BF421FDFE71E00048ED4 /* NunitoSans-LightItalic.ttf */,
				6E70BF491FDFE71F00048ED4 /* NunitoSans-Regular.ttf */,
				6E70BF441FDFE71E00048ED4 /* NunitoSans-SemiBold.ttf */,
				6E70BF3D1FDFE71E00048ED4 /* NunitoSans-SemiBoldItalic.ttf */,
			);
			path = NunitoSans;
			sourceTree = "<group>";
		};
		6E70BF581FDFEB8600048ED4 /* IngredientsFooterView */ = {
			isa = PBXGroup;
			children = (
				6E70BF591FDFEBAC00048ED4 /* IngredientsFooterView.swift */,
				6E70BF5B1FDFEBC600048ED4 /* IngredientsFooterView.xib */,
			);
			path = IngredientsFooterView;
			sourceTree = "<group>";
		};
		6E82BD341FDD6C5E00B8A417 /* Controllers */ = {
			isa = PBXGroup;
			children = (
				6E82BD3E1FDD962100B8A417 /* RecipeExploreViewController.swift */,
				6E82BD6C1FDDF4B900B8A417 /* RecipeDetailViewController.swift */,
			);
			path = Controllers;
			sourceTree = "<group>";
		};
		6E82BD351FDD6C7600B8A417 /* Storyboards */ = {
			isa = PBXGroup;
			children = (
				52F7CFC41FDC1C3D00FDDEB0 /* Main.storyboard */,
				52F7CFC91FDC1C3D00FDDEB0 /* LaunchScreen.storyboard */,
			);
			path = Storyboards;
			sourceTree = "<group>";
		};
		6E82BD361FDD6C9D00B8A417 /* Utilities */ = {
			isa = PBXGroup;
			children = (
				6E70BF2D1FDFE69D00048ED4 /* Fonts */,
				52F7CFC01FDC1C3D00FDDEB0 /* AppDelegate.swift */,
				52F7CFC71FDC1C3D00FDDEB0 /* Assets.xcassets */,
				52F7CFCC1FDC1C3D00FDDEB0 /* Info.plist */,
				6E82BD751FDE954F00B8A417 /* XibLoadable.swift */,
			);
			path = Utilities;
			sourceTree = "<group>";
		};
		6E82BD371FDD853F00B8A417 /* Views */ = {
			isa = PBXGroup;
			children = (
				52422F181FDFE8760088097D /* TableView Header */,
				6E70BF581FDFEB8600048ED4 /* IngredientsFooterView */,
				6E82BD7A1FDEA3E300B8A417 /* Designable Views */,
				6E82BD791FDE977400B8A417 /* CollectionHeaderView */,
				6E82BD7B1FDEA44800B8A417 /* CollectionSectionHeaderView */,
			);
			path = Views;
			sourceTree = "<group>";
		};
		6E82BD401FDD96E200B8A417 /* Cells */ = {
			isa = PBXGroup;
			children = (
				6E70BF2A1FDFDA4E00048ED4 /* TableView */,
				6E70BF291FDFDA4500048ED4 /* CollectionView */,
			);
			path = Cells;
			sourceTree = "<group>";
		};
		6E82BD441FDD99C000B8A417 /* Products */ = {
			isa = PBXGroup;
			children = (
				6E82BD531FDD99C000B8A417 /* Kingfisher.framework */,
				6E82BD551FDD99C000B8A417 /* Kingfisher.framework */,
				6E82BD571FDD99C000B8A417 /* Kingfisher.framework */,
				6E82BD591FDD99C000B8A417 /* Kingfisher.framework */,
				6E82BD5B1FDD99C000B8A417 /* Kingfisher-Demo.app */,
				6E82BD5D1FDD99C000B8A417 /* Kingfisher-tvOS-Demo.app */,
				6E82BD5F1FDD99C000B8A417 /* Kingfisher-macOS-Demo.app */,
				6E82BD611FDD99C000B8A417 /* Kingfisher-watchOS-Demo.app */,
				6E82BD631FDD99C000B8A417 /* Kingfisher-watchOS-Demo Extension.appex */,
				6E82BD651FDD99C000B8A417 /* KingfisherTests.xctest */,
				6E82BD671FDD99C000B8A417 /* KingfisherTests-tvOS.xctest */,
				6E82BD691FDD99C000B8A417 /* KingfisherTests-macOS.xctest */,
			);
			name = Products;
			sourceTree = "<group>";
		};
		6E82BD791FDE977400B8A417 /* CollectionHeaderView */ = {
			isa = PBXGroup;
			children = (
				6E82BD801FDEC04500B8A417 /* CollectionHeaderView.swift */,
				6E82BD821FDEC10D00B8A417 /* CollectionHeaderView.xib */,
			);
			path = CollectionHeaderView;
			sourceTree = "<group>";
		};
		6E82BD7A1FDEA3E300B8A417 /* Designable Views */ = {
			isa = PBXGroup;
			children = (
				6E82BD3A1FDD91EC00B8A417 /* DesignableView.swift */,
				6E82BD3C1FDD926900B8A417 /* DesignableImageView.swift */,
			);
			path = "Designable Views";
			sourceTree = "<group>";
		};
		6E82BD7B1FDEA44800B8A417 /* CollectionSectionHeaderView */ = {
			isa = PBXGroup;
			children = (
				6E82BD7C1FDEA49500B8A417 /* CollectionSectionHeaderView.swift */,
				6E82BD7E1FDEA4D900B8A417 /* CollectionSectionHeaderView.xib */,
			);
			path = CollectionSectionHeaderView;
			sourceTree = "<group>";
		};
/* End PBXGroup section */

/* Begin PBXNativeTarget section */
		52F7CFBC1FDC1C3D00FDDEB0 /* recipe */ = {
			isa = PBXNativeTarget;
			buildConfigurationList = 52F7CFCF1FDC1C3D00FDDEB0 /* Build configuration list for PBXNativeTarget "recipe" */;
			buildPhases = (
				52F7CFB91FDC1C3D00FDDEB0 /* Sources */,
				52F7CFBA1FDC1C3D00FDDEB0 /* Frameworks */,
				52F7CFBB1FDC1C3D00FDDEB0 /* Resources */,
				6E82BD721FDE78CB00B8A417 /* Embed Frameworks */,
			);
			buildRules = (
			);
			dependencies = (
				6E82BD6B1FDD9A0900B8A417 /* PBXTargetDependency */,
				6E82BD711FDE78CB00B8A417 /* PBXTargetDependency */,
			);
			name = recipe;
			productName = recipe;
			productReference = 52F7CFBD1FDC1C3D00FDDEB0 /* recipe.app */;
			productType = "com.apple.product-type.application";
		};
/* End PBXNativeTarget section */

/* Begin PBXProject section */
		52F7CFB51FDC1C3D00FDDEB0 /* Project object */ = {
			isa = PBXProject;
			attributes = {
				LastSwiftUpdateCheck = 0920;
				LastUpgradeCheck = 0920;
				ORGANIZATIONNAME = Appyist;
				TargetAttributes = {
					52F7CFBC1FDC1C3D00FDDEB0 = {
						CreatedOnToolsVersion = 9.2;
						ProvisioningStyle = Automatic;
					};
				};
			};
			buildConfigurationList = 52F7CFB81FDC1C3D00FDDEB0 /* Build configuration list for PBXProject "recipe" */;
			compatibilityVersion = "Xcode 8.0";
			developmentRegion = en;
			hasScannedForEncodings = 0;
			knownRegions = (
				en,
				Base,
			);
			mainGroup = 52F7CFB41FDC1C3D00FDDEB0;
			productRefGroup = 52F7CFBE1FDC1C3D00FDDEB0 /* Products */;
			projectDirPath = "";
			projectReferences = (
				{
					ProductGroup = 6E82BD441FDD99C000B8A417 /* Products */;
					ProjectRef = 6E82BD431FDD99C000B8A417 /* Kingfisher.xcodeproj */;
				},
			);
			projectRoot = "";
			targets = (
				52F7CFBC1FDC1C3D00FDDEB0 /* recipe */,
			);
		};
/* End PBXProject section */

/* Begin PBXReferenceProxy section */
		6E82BD531FDD99C000B8A417 /* Kingfisher.framework */ = {
			isa = PBXReferenceProxy;
			fileType = wrapper.framework;
			path = Kingfisher.framework;
			remoteRef = 6E82BD521FDD99C000B8A417 /* PBXContainerItemProxy */;
			sourceTree = BUILT_PRODUCTS_DIR;
		};
		6E82BD551FDD99C000B8A417 /* Kingfisher.framework */ = {
			isa = PBXReferenceProxy;
			fileType = wrapper.framework;
			path = Kingfisher.framework;
			remoteRef = 6E82BD541FDD99C000B8A417 /* PBXContainerItemProxy */;
			sourceTree = BUILT_PRODUCTS_DIR;
		};
		6E82BD571FDD99C000B8A417 /* Kingfisher.framework */ = {
			isa = PBXReferenceProxy;
			fileType = wrapper.framework;
			path = Kingfisher.framework;
			remoteRef = 6E82BD561FDD99C000B8A417 /* PBXContainerItemProxy */;
			sourceTree = BUILT_PRODUCTS_DIR;
		};
		6E82BD591FDD99C000B8A417 /* Kingfisher.framework */ = {
			isa = PBXReferenceProxy;
			fileType = wrapper.framework;
			path = Kingfisher.framework;
			remoteRef = 6E82BD581FDD99C000B8A417 /* PBXContainerItemProxy */;
			sourceTree = BUILT_PRODUCTS_DIR;
		};
		6E82BD5B1FDD99C000B8A417 /* Kingfisher-Demo.app */ = {
			isa = PBXReferenceProxy;
			fileType = wrapper.application;
			path = "Kingfisher-Demo.app";
			remoteRef = 6E82BD5A1FDD99C000B8A417 /* PBXContainerItemProxy */;
			sourceTree = BUILT_PRODUCTS_DIR;
		};
		6E82BD5D1FDD99C000B8A417 /* Kingfisher-tvOS-Demo.app */ = {
			isa = PBXReferenceProxy;
			fileType = wrapper.application;
			path = "Kingfisher-tvOS-Demo.app";
			remoteRef = 6E82BD5C1FDD99C000B8A417 /* PBXContainerItemProxy */;
			sourceTree = BUILT_PRODUCTS_DIR;
		};
		6E82BD5F1FDD99C000B8A417 /* Kingfisher-macOS-Demo.app */ = {
			isa = PBXReferenceProxy;
			fileType = wrapper.application;
			path = "Kingfisher-macOS-Demo.app";
			remoteRef = 6E82BD5E1FDD99C000B8A417 /* PBXContainerItemProxy */;
			sourceTree = BUILT_PRODUCTS_DIR;
		};
		6E82BD611FDD99C000B8A417 /* Kingfisher-watchOS-Demo.app */ = {
			isa = PBXReferenceProxy;
			fileType = wrapper.application;
			path = "Kingfisher-watchOS-Demo.app";
			remoteRef = 6E82BD601FDD99C000B8A417 /* PBXContainerItemProxy */;
			sourceTree = BUILT_PRODUCTS_DIR;
		};
		6E82BD631FDD99C000B8A417 /* Kingfisher-watchOS-Demo Extension.appex */ = {
			isa = PBXReferenceProxy;
			fileType = "wrapper.app-extension";
			path = "Kingfisher-watchOS-Demo Extension.appex";
			remoteRef = 6E82BD621FDD99C000B8A417 /* PBXContainerItemProxy */;
			sourceTree = BUILT_PRODUCTS_DIR;
		};
		6E82BD651FDD99C000B8A417 /* KingfisherTests.xctest */ = {
			isa = PBXReferenceProxy;
			fileType = wrapper.cfbundle;
			path = KingfisherTests.xctest;
			remoteRef = 6E82BD641FDD99C000B8A417 /* PBXContainerItemProxy */;
			sourceTree = BUILT_PRODUCTS_DIR;
		};
		6E82BD671FDD99C000B8A417 /* KingfisherTests-tvOS.xctest */ = {
			isa = PBXReferenceProxy;
			fileType = wrapper.cfbundle;
			path = "KingfisherTests-tvOS.xctest";
			remoteRef = 6E82BD661FDD99C000B8A417 /* PBXContainerItemProxy */;
			sourceTree = BUILT_PRODUCTS_DIR;
		};
		6E82BD691FDD99C000B8A417 /* KingfisherTests-macOS.xctest */ = {
			isa = PBXReferenceProxy;
			fileType = wrapper.cfbundle;
			path = "KingfisherTests-macOS.xctest";
			remoteRef = 6E82BD681FDD99C000B8A417 /* PBXContainerItemProxy */;
			sourceTree = BUILT_PRODUCTS_DIR;
		};
/* End PBXReferenceProxy section */

/* Begin PBXResourcesBuildPhase section */
		52F7CFBB1FDC1C3D00FDDEB0 /* Resources */ = {
			isa = PBXResourcesBuildPhase;
			buildActionMask = 2147483647;
			files = (
				52F7CFCB1FDC1C3D00FDDEB0 /* LaunchScreen.storyboard in Resources */,
				6E70BF511FDFE71F00048ED4 /* NunitoSans-ExtraLight.ttf in Resources */,
				6E70BF571FDFE71F00048ED4 /* NunitoSans-Regular.ttf in Resources */,
				6E70BF381FDFE70E00048ED4 /* PlayfairDisplay-BlackItalic.ttf in Resources */,
				6E70BF4F1FDFE71F00048ED4 /* NunitoSans-BlackItalic.ttf in Resources */,
				6E70BF371FDFE70E00048ED4 /* PlayfairDisplay-Regular.ttf in Resources */,
				6E70BF521FDFE71F00048ED4 /* NunitoSans-SemiBold.ttf in Resources */,
				52F7CFC81FDC1C3D00FDDEB0 /* Assets.xcassets in Resources */,
				6E70BF4B1FDFE71F00048ED4 /* NunitoSans-SemiBoldItalic.ttf in Resources */,
				6E70BF551FDFE71F00048ED4 /* NunitoSans-ExtraLightItalic.ttf in Resources */,
				52F7CFC61FDC1C3D00FDDEB0 /* Main.storyboard in Resources */,
				6E70BF541FDFE71F00048ED4 /* NunitoSans-Light.ttf in Resources */,
				6E70BF361FDFE70E00048ED4 /* PlayfairDisplay-Italic.ttf in Resources */,
				6E70BF4A1FDFE71F00048ED4 /* NunitoSans-Italic.ttf in Resources */,
				6E70BF4C1FDFE71F00048ED4 /* NunitoSans-ExtraBoldItalic.ttf in Resources */,
				6E82BD831FDEC10D00B8A417 /* CollectionHeaderView.xib in Resources */,
				52422F1A1FDFE89C0088097D /* TableHeaderView.xib in Resources */,
				6E70BF4D1FDFE71F00048ED4 /* NunitoSans-BoldItalic.ttf in Resources */,
				6E70BF561FDFE71F00048ED4 /* NunitoSans-ExtraBold.ttf in Resources */,
				6E82BD7F1FDEA4D900B8A417 /* CollectionSectionHeaderView.xib in Resources */,
				6E70BF531FDFE71F00048ED4 /* NunitoSans-Bold.ttf in Resources */,
				6E70BF501FDFE71F00048ED4 /* NunitoSans-LightItalic.ttf in Resources */,
				6E70BF4E1FDFE71F00048ED4 /* NunitoSans-Black.ttf in Resources */,
				6E70BF5C1FDFEBC600048ED4 /* IngredientsFooterView.xib in Resources */,
				6E70BF3A1FDFE70E00048ED4 /* PlayfairDisplay-Bold.ttf in Resources */,
				6E70BF3B1FDFE70E00048ED4 /* PlayfairDisplay-BoldItalic.ttf in Resources */,
				6E70BF391FDFE70E00048ED4 /* PlayfairDisplay-Black.ttf in Resources */,
			);
			runOnlyForDeploymentPostprocessing = 0;
		};
/* End PBXResourcesBuildPhase section */

/* Begin PBXSourcesBuildPhase section */
		52F7CFB91FDC1C3D00FDDEB0 /* Sources */ = {
			isa = PBXSourcesBuildPhase;
			buildActionMask = 2147483647;
			files = (
				52730C4A1FDFF87D0029F27A /* TableHeaderView.swift in Sources */,
				6E82BD3F1FDD962100B8A417 /* RecipeExploreViewController.swift in Sources */,
				6E82BD811FDEC04500B8A417 /* CollectionHeaderView.swift in Sources */,
				6E82BD3B1FDD91EC00B8A417 /* DesignableView.swift in Sources */,
				6E82BD6D1FDDF4B900B8A417 /* RecipeDetailViewController.swift in Sources */,
				6E82BD7D1FDEA49500B8A417 /* CollectionSectionHeaderView.swift in Sources */,
				6E82BD3D1FDD926900B8A417 /* DesignableImageView.swift in Sources */,
				6E70BF5A1FDFEBAC00048ED4 /* IngredientsFooterView.swift in Sources */,
				52F7CFC11FDC1C3D00FDDEB0 /* AppDelegate.swift in Sources */,
				6E82BD421FDD973A00B8A417 /* RecipeCollectionViewCell.swift in Sources */,
				6E70BF2C1FDFE36000048ED4 /* IngredientTableViewCell.swift in Sources */,
				6E82BD761FDE954F00B8A417 /* XibLoadable.swift in Sources */,
				6E70BF5E1FDFF2B100048ED4 /* DirectiveTableViewCell.swift in Sources */,
				52F7CFD41FDC1C5A00FDDEB0 /* Ingredient.swift in Sources */,
				52F7CFD61FDC1FD400FDDEB0 /* Recipe.swift in Sources */,
			);
			runOnlyForDeploymentPostprocessing = 0;
		};
/* End PBXSourcesBuildPhase section */

/* Begin PBXTargetDependency section */
		6E82BD6B1FDD9A0900B8A417 /* PBXTargetDependency */ = {
			isa = PBXTargetDependency;
			name = "Kingfisher-iOS";
			targetProxy = 6E82BD6A1FDD9A0900B8A417 /* PBXContainerItemProxy */;
		};
		6E82BD711FDE78CB00B8A417 /* PBXTargetDependency */ = {
			isa = PBXTargetDependency;
			name = "Kingfisher-iOS";
			targetProxy = 6E82BD701FDE78CB00B8A417 /* PBXContainerItemProxy */;
		};
/* End PBXTargetDependency section */

/* Begin PBXVariantGroup section */
		52F7CFC41FDC1C3D00FDDEB0 /* Main.storyboard */ = {
			isa = PBXVariantGroup;
			children = (
				52F7CFC51FDC1C3D00FDDEB0 /* Base */,
			);
			name = Main.storyboard;
			sourceTree = "<group>";
		};
		52F7CFC91FDC1C3D00FDDEB0 /* LaunchScreen.storyboard */ = {
			isa = PBXVariantGroup;
			children = (
				52F7CFCA1FDC1C3D00FDDEB0 /* Base */,
			);
			name = LaunchScreen.storyboard;
			sourceTree = "<group>";
		};
/* End PBXVariantGroup section */

/* Begin XCBuildConfiguration section */
		52F7CFCD1FDC1C3D00FDDEB0 /* Debug */ = {
			isa = XCBuildConfiguration;
			buildSettings = {
				ALWAYS_SEARCH_USER_PATHS = NO;
				CLANG_ANALYZER_NONNULL = YES;
				CLANG_ANALYZER_NUMBER_OBJECT_CONVERSION = YES_AGGRESSIVE;
				CLANG_CXX_LANGUAGE_STANDARD = "gnu++14";
				CLANG_CXX_LIBRARY = "libc++";
				CLANG_ENABLE_MODULES = YES;
				CLANG_ENABLE_OBJC_ARC = YES;
				CLANG_WARN_BLOCK_CAPTURE_AUTORELEASING = YES;
				CLANG_WARN_BOOL_CONVERSION = YES;
				CLANG_WARN_COMMA = YES;
				CLANG_WARN_CONSTANT_CONVERSION = YES;
				CLANG_WARN_DIRECT_OBJC_ISA_USAGE = YES_ERROR;
				CLANG_WARN_DOCUMENTATION_COMMENTS = YES;
				CLANG_WARN_EMPTY_BODY = YES;
				CLANG_WARN_ENUM_CONVERSION = YES;
				CLANG_WARN_INFINITE_RECURSION = YES;
				CLANG_WARN_INT_CONVERSION = YES;
				CLANG_WARN_NON_LITERAL_NULL_CONVERSION = YES;
				CLANG_WARN_OBJC_LITERAL_CONVERSION = YES;
				CLANG_WARN_OBJC_ROOT_CLASS = YES_ERROR;
				CLANG_WARN_RANGE_LOOP_ANALYSIS = YES;
				CLANG_WARN_STRICT_PROTOTYPES = YES;
				CLANG_WARN_SUSPICIOUS_MOVE = YES;
				CLANG_WARN_UNGUARDED_AVAILABILITY = YES_AGGRESSIVE;
				CLANG_WARN_UNREACHABLE_CODE = YES;
				CLANG_WARN__DUPLICATE_METHOD_MATCH = YES;
				CODE_SIGN_IDENTITY = "iPhone Developer";
				COPY_PHASE_STRIP = NO;
				DEBUG_INFORMATION_FORMAT = dwarf;
				ENABLE_STRICT_OBJC_MSGSEND = YES;
				ENABLE_TESTABILITY = YES;
				GCC_C_LANGUAGE_STANDARD = gnu11;
				GCC_DYNAMIC_NO_PIC = NO;
				GCC_NO_COMMON_BLOCKS = YES;
				GCC_OPTIMIZATION_LEVEL = 0;
				GCC_PREPROCESSOR_DEFINITIONS = (
					"DEBUG=1",
					"$(inherited)",
				);
				GCC_WARN_64_TO_32_BIT_CONVERSION = YES;
				GCC_WARN_ABOUT_RETURN_TYPE = YES_ERROR;
				GCC_WARN_UNDECLARED_SELECTOR = YES;
				GCC_WARN_UNINITIALIZED_AUTOS = YES_AGGRESSIVE;
				GCC_WARN_UNUSED_FUNCTION = YES;
				GCC_WARN_UNUSED_VARIABLE = YES;
				IPHONEOS_DEPLOYMENT_TARGET = 11.2;
				MTL_ENABLE_DEBUG_INFO = YES;
				ONLY_ACTIVE_ARCH = YES;
				SDKROOT = iphoneos;
				SWIFT_ACTIVE_COMPILATION_CONDITIONS = DEBUG;
				SWIFT_OPTIMIZATION_LEVEL = "-Onone";
			};
			name = Debug;
		};
		52F7CFCE1FDC1C3D00FDDEB0 /* Release */ = {
			isa = XCBuildConfiguration;
			buildSettings = {
				ALWAYS_SEARCH_USER_PATHS = NO;
				CLANG_ANALYZER_NONNULL = YES;
				CLANG_ANALYZER_NUMBER_OBJECT_CONVERSION = YES_AGGRESSIVE;
				CLANG_CXX_LANGUAGE_STANDARD = "gnu++14";
				CLANG_CXX_LIBRARY = "libc++";
				CLANG_ENABLE_MODULES = YES;
				CLANG_ENABLE_OBJC_ARC = YES;
				CLANG_WARN_BLOCK_CAPTURE_AUTORELEASING = YES;
				CLANG_WARN_BOOL_CONVERSION = YES;
				CLANG_WARN_COMMA = YES;
				CLANG_WARN_CONSTANT_CONVERSION = YES;
				CLANG_WARN_DIRECT_OBJC_ISA_USAGE = YES_ERROR;
				CLANG_WARN_DOCUMENTATION_COMMENTS = YES;
				CLANG_WARN_EMPTY_BODY = YES;
				CLANG_WARN_ENUM_CONVERSION = YES;
				CLANG_WARN_INFINITE_RECURSION = YES;
				CLANG_WARN_INT_CONVERSION = YES;
				CLANG_WARN_NON_LITERAL_NULL_CONVERSION = YES;
				CLANG_WARN_OBJC_LITERAL_CONVERSION = YES;
				CLANG_WARN_OBJC_ROOT_CLASS = YES_ERROR;
				CLANG_WARN_RANGE_LOOP_ANALYSIS = YES;
				CLANG_WARN_STRICT_PROTOTYPES = YES;
				CLANG_WARN_SUSPICIOUS_MOVE = YES;
				CLANG_WARN_UNGUARDED_AVAILABILITY = YES_AGGRESSIVE;
				CLANG_WARN_UNREACHABLE_CODE = YES;
				CLANG_WARN__DUPLICATE_METHOD_MATCH = YES;
				CODE_SIGN_IDENTITY = "iPhone Developer";
				COPY_PHASE_STRIP = NO;
				DEBUG_INFORMATION_FORMAT = "dwarf-with-dsym";
				ENABLE_NS_ASSERTIONS = NO;
				ENABLE_STRICT_OBJC_MSGSEND = YES;
				GCC_C_LANGUAGE_STANDARD = gnu11;
				GCC_NO_COMMON_BLOCKS = YES;
				GCC_WARN_64_TO_32_BIT_CONVERSION = YES;
				GCC_WARN_ABOUT_RETURN_TYPE = YES_ERROR;
				GCC_WARN_UNDECLARED_SELECTOR = YES;
				GCC_WARN_UNINITIALIZED_AUTOS = YES_AGGRESSIVE;
				GCC_WARN_UNUSED_FUNCTION = YES;
				GCC_WARN_UNUSED_VARIABLE = YES;
				IPHONEOS_DEPLOYMENT_TARGET = 11.2;
				MTL_ENABLE_DEBUG_INFO = NO;
				SDKROOT = iphoneos;
				SWIFT_OPTIMIZATION_LEVEL = "-Owholemodule";
				VALIDATE_PRODUCT = YES;
			};
			name = Release;
		};
		52F7CFD01FDC1C3D00FDDEB0 /* Debug */ = {
			isa = XCBuildConfiguration;
			buildSettings = {
				ALWAYS_EMBED_SWIFT_STANDARD_LIBRARIES = YES;
				ASSETCATALOG_COMPILER_APPICON_NAME = AppIcon;
				"CODE_SIGN_IDENTITY[sdk=iphoneos*]" = "iPhone Developer";
				CODE_SIGN_STYLE = Automatic;
				DEVELOPMENT_TEAM = KUTVKVRQ95;
				INFOPLIST_FILE = "$(SRCROOT)/recipe/Utilities/Info.plist";
				IPHONEOS_DEPLOYMENT_TARGET = 11.0;
				LD_RUNPATH_SEARCH_PATHS = "$(inherited) @executable_path/Frameworks";
				PRODUCT_BUNDLE_IDENTIFIER = ist.appy.recip;
				PRODUCT_NAME = "$(TARGET_NAME)";
				PROVISIONING_PROFILE_SPECIFIER = "";
				SWIFT_VERSION = 4.0;
				TARGETED_DEVICE_FAMILY = 1;
			};
			name = Debug;
		};
		52F7CFD11FDC1C3D00FDDEB0 /* Release */ = {
			isa = XCBuildConfiguration;
			buildSettings = {
				ALWAYS_EMBED_SWIFT_STANDARD_LIBRARIES = YES;
				ASSETCATALOG_COMPILER_APPICON_NAME = AppIcon;
				"CODE_SIGN_IDENTITY[sdk=iphoneos*]" = "iPhone Developer";
				CODE_SIGN_STYLE = Automatic;
				DEVELOPMENT_TEAM = KUTVKVRQ95;
				INFOPLIST_FILE = "$(SRCROOT)/recipe/Utilities/Info.plist";
				IPHONEOS_DEPLOYMENT_TARGET = 11.0;
				LD_RUNPATH_SEARCH_PATHS = "$(inherited) @executable_path/Frameworks";
				PRODUCT_BUNDLE_IDENTIFIER = ist.appy.recip;
				PRODUCT_NAME = "$(TARGET_NAME)";
				PROVISIONING_PROFILE_SPECIFIER = "";
				SWIFT_VERSION = 4.0;
				TARGETED_DEVICE_FAMILY = 1;
			};
			name = Release;
		};
/* End XCBuildConfiguration section */

/* Begin XCConfigurationList section */
		52F7CFB81FDC1C3D00FDDEB0 /* Build configuration list for PBXProject "recipe" */ = {
			isa = XCConfigurationList;
			buildConfigurations = (
				52F7CFCD1FDC1C3D00FDDEB0 /* Debug */,
				52F7CFCE1FDC1C3D00FDDEB0 /* Release */,
			);
			defaultConfigurationIsVisible = 0;
			defaultConfigurationName = Release;
		};
		52F7CFCF1FDC1C3D00FDDEB0 /* Build configuration list for PBXNativeTarget "recipe" */ = {
			isa = XCConfigurationList;
			buildConfigurations = (
				52F7CFD01FDC1C3D00FDDEB0 /* Debug */,
				52F7CFD11FDC1C3D00FDDEB0 /* Release */,
			);
			defaultConfigurationIsVisible = 0;
			defaultConfigurationName = Release;
		};
/* End XCConfigurationList section */
	};
	rootObject = 52F7CFB51FDC1C3D00FDDEB0 /* Project object */;
}
